<?xml version="1.0" encoding="utf-8"?>
<Project ToolsVersion="4.0" xmlns="http://schemas.microsoft.com/developer/msbuild/2003">
  <ItemGroup>
    <Filter Include="Source Files">
      <UniqueIdentifier>{4FC737F1-C7A5-4376-A066-2A32D752A2FF}</UniqueIdentifier>
      <Extensions>cpp;c;cc;cxx;c++;cppm;ixx;def;odl;idl;hpj;bat;asm;asmx</Extensions>
    </Filter>
    <Filter Include="Header Files">
      <UniqueIdentifier>{93995380-89BD-4b04-88EB-625FBE52EBFB}</UniqueIdentifier>
      <Extensions>h;hh;hpp;hxx;h++;hm;inl;inc;ipp;xsd</Extensions>
    </Filter>
    <Filter Include="Resource Files">
      <UniqueIdentifier>{67DA6AB6-F800-4c08-8B7A-83BB121AAD01}</UniqueIdentifier>
      <Extensions>rc;ico;cur;bmp;dlg;rc2;rct;bin;rgs;gif;jpg;jpeg;jpe;resx;tiff;tif;png;wav;mfcribbon-ms</Extensions>
    </Filter>
    <Filter Include="Header Files\old">
      <UniqueIdentifier>{adc7026b-d995-455d-95da-f1a4a37dc8ed}</UniqueIdentifier>
    </Filter>
    <Filter Include="Header Files\Chunks">
      <UniqueIdentifier>{8f82b087-ac11-491a-9f1a-acd6d84fdb50}</UniqueIdentifier>
    </Filter>
  </ItemGroup>
  <ItemGroup>
    <ClCompile Include="Source.cpp">
      <Filter>Source Files</Filter>
    </ClCompile>
    <ClCompile Include="RayCamera.cpp">
      <Filter>Source Files</Filter>
    </ClCompile>
    <ClCompile Include="VectorMath.cpp">
      <Filter>Source Files</Filter>
    </ClCompile>
    <ClCompile Include="Ray.cpp">
      <Filter>Source Files</Filter>
    </ClCompile>
    <ClCompile Include="Sphere.cpp">
      <Filter>Header Files\old</Filter>
    </ClCompile>
    <ClCompile Include="Plane.cpp">
      <Filter>Header Files\old</Filter>
    </ClCompile>
    <ClCompile Include="Cube.cpp">
      <Filter>Header Files\old</Filter>
    </ClCompile>
    <ClCompile Include="TreeRay.cpp">
      <Filter>Source Files</Filter>
    </ClCompile>
    <ClCompile Include="ChunkTree.cpp">
      <Filter>Header Files\Chunks</Filter>
    </ClCompile>
  </ItemGroup>
  <ItemGroup>
    <ClInclude Include="RayCamera.h">
      <Filter>Header Files</Filter>
    </ClInclude>
    <ClInclude Include="Ray.h">
      <Filter>Header Files</Filter>
    </ClInclude>
    <ClInclude Include="VectorMath.h">
      <Filter>Header Files</Filter>
    </ClInclude>
    <ClInclude Include="Plane.h">
      <Filter>Header Files\old</Filter>
    </ClInclude>
    <ClInclude Include="Sphere.h">
      <Filter>Header Files\old</Filter>
    </ClInclude>
    <ClInclude Include="WorldObject.h">
      <Filter>Header Files\old</Filter>
    </ClInclude>
    <ClInclude Include="Definitions.h">
      <Filter>Source Files</Filter>
    </ClInclude>
    <ClInclude Include="PublicArray.h">
      <Filter>Source Files</Filter>
    </ClInclude>
    <ClInclude Include="Cube.h">
      <Filter>Header Files\old</Filter>
    </ClInclude>
    <ClInclude Include="TreeRay.h">
      <Filter>Header Files</Filter>
    </ClInclude>
    <ClInclude Include="ChunkTree.h">
      <Filter>Header Files\Chunks</Filter>
    </ClInclude>
  </ItemGroup>
</Project>